
Microsoft Visual Studio Solution File, Format Version 12.00
# Visual Studio Version 16
VisualStudioVersion = 16.0.30114.105
MinimumVisualStudioVersion = 10.0.40219.1
Project("{9A19103F-16F7-4668-BE54-9A1E7A4F7556}") = "opg-201910-interview", "opg-201910Base-master\opg-201910-interview.csproj", "{D7AAE2A5-B960-47E4-9AEC-1E80DEC29FE1}"
EndProject
Project("{FAE04EC0-301F-11D3-BF4B-00C04F79EFBC}") = "opg-201910-interview.Test", "opg-201910-interview.Test\opg-201910-interview.Test.csproj", "{90A39C20-5D03-4781-B4CD-82FAFDEE534D}"
EndProject
Project("{FAE04EC0-301F-11D3-BF4B-00C04F79EFBC}") = "opg-201910-interview.Core", "opg-201910-interview.Core\opg-201910-interview.Core.csproj", "{36BDAF4E-5D11-483B-ABDB-9BE101E33433}"
EndProject
Global
	GlobalSection(SolutionConfigurationPlatforms) = preSolution
		Debug|Any CPU = Debug|Any CPU
		Release|Any CPU = Release|Any CPU
	EndGlobalSection
	GlobalSection(ProjectConfigurationPlatforms) = postSolution
		{D7AAE2A5-B960-47E4-9AEC-1E80DEC29FE1}.Debug|Any CPU.ActiveCfg = Debug|Any CPU
		{D7AAE2A5-B960-47E4-9AEC-1E80DEC29FE1}.Debug|Any CPU.Build.0 = Debug|Any CPU
		{D7AAE2A5-B960-47E4-9AEC-1E80DEC29FE1}.Release|Any CPU.ActiveCfg = Release|Any CPU
		{D7AAE2A5-B960-47E4-9AEC-1E80DEC29FE1}.Release|Any CPU.Build.0 = Release|Any CPU
		{90A39C20-5D03-4781-B4CD-82FAFDEE534D}.Debug|Any CPU.ActiveCfg = Debug|Any CPU
		{90A39C20-5D03-4781-B4CD-82FAFDEE534D}.Debug|Any CPU.Build.0 = Debug|Any CPU
		{90A39C20-5D03-4781-B4CD-82FAFDEE534D}.Release|Any CPU.ActiveCfg = Release|Any CPU
		{90A39C20-5D03-4781-B4CD-82FAFDEE534D}.Release|Any CPU.Build.0 = Release|Any CPU
		{36BDAF4E-5D11-483B-ABDB-9BE101E33433}.Debug|Any CPU.ActiveCfg = Debug|Any CPU
		{36BDAF4E-5D11-483B-ABDB-9BE101E33433}.Debug|Any CPU.Build.0 = Debug|Any CPU
		{36BDAF4E-5D11-483B-ABDB-9BE101E33433}.Release|Any CPU.ActiveCfg = Release|Any CPU
		{36BDAF4E-5D11-483B-ABDB-9BE101E33433}.Release|Any CPU.Build.0 = Release|Any CPU
	EndGlobalSection
	GlobalSection(SolutionProperties) = preSolution
		HideSolutionNode = FALSE
	EndGlobalSection
	GlobalSection(ExtensibilityGlobals) = postSolution
		SolutionGuid = {98C19A1A-4FC3-48D2-AF4F-93E6486E1C4F}
	EndGlobalSection
EndGlobal
